
Microsoft Visual Studio Solution File, Format Version 12.00
# Visual Studio Version 17
VisualStudioVersion = 17.0.32112.339
MinimumVisualStudioVersion = 10.0.40219.1
Project("{8BC9CEB8-8B4A-11D0-8D11-00A0C91BC942}") = "task_1_struct", "task_1_struct\task_1_struct.vcxproj", "{D30CC00B-2A79-4EF7-8BFC-4099B96316DB}"
EndProject
Global
	GlobalSection(SolutionConfigurationPlatforms) = preSolution
		Debug|x64 = Debug|x64
		Debug|x86 = Debug|x86
		Release|x64 = Release|x64
		Release|x86 = Release|x86
	EndGlobalSection
	GlobalSection(ProjectConfigurationPlatforms) = postSolution
		{D30CC00B-2A79-4EF7-8BFC-4099B96316DB}.Debug|x64.ActiveCfg = Debug|x64
		{D30CC00B-2A79-4EF7-8BFC-4099B96316DB}.Debug|x64.Build.0 = Debug|x64
		{D30CC00B-2A79-4EF7-8BFC-4099B96316DB}.Debug|x86.ActiveCfg = Debug|Win32
		{D30CC00B-2A79-4EF7-8BFC-4099B96316DB}.Debug|x86.Build.0 = Debug|Win32
		{D30CC00B-2A79-4EF7-8BFC-4099B96316DB}.Release|x64.ActiveCfg = Release|x64
		{D30CC00B-2A79-4EF7-8BFC-4099B96316DB}.Release|x64.Build.0 = Release|x64
		{D30CC00B-2A79-4EF7-8BFC-4099B96316DB}.Release|x86.ActiveCfg = Release|Win32
		{D30CC00B-2A79-4EF7-8BFC-4099B96316DB}.Release|x86.Build.0 = Release|Win32
	EndGlobalSection
	GlobalSection(SolutionProperties) = preSolution
		HideSolutionNode = FALSE
	EndGlobalSection
	GlobalSection(ExtensibilityGlobals) = postSolution
		SolutionGuid = {A6290AC7-B8AF-4CDF-8F4B-119AB3B5F0A9}
	EndGlobalSection
EndGlobal
