
Microsoft Visual Studio Solution File, Format Version 12.00
# Visual Studio Version 17
VisualStudioVersion = 17.0.32112.339
MinimumVisualStudioVersion = 10.0.40219.1
Project("{8BC9CEB8-8B4A-11D0-8D11-00A0C91BC942}") = "task_3_class_vector", "task_3_class_vector\task_3_class_vector.vcxproj", "{CEB17535-7155-402A-9196-74C3BDCA92E6}"
EndProject
Global
	GlobalSection(SolutionConfigurationPlatforms) = preSolution
		Debug|x64 = Debug|x64
		Debug|x86 = Debug|x86
		Release|x64 = Release|x64
		Release|x86 = Release|x86
	EndGlobalSection
	GlobalSection(ProjectConfigurationPlatforms) = postSolution
		{CEB17535-7155-402A-9196-74C3BDCA92E6}.Debug|x64.ActiveCfg = Debug|x64
		{CEB17535-7155-402A-9196-74C3BDCA92E6}.Debug|x64.Build.0 = Debug|x64
		{CEB17535-7155-402A-9196-74C3BDCA92E6}.Debug|x86.ActiveCfg = Debug|Win32
		{CEB17535-7155-402A-9196-74C3BDCA92E6}.Debug|x86.Build.0 = Debug|Win32
		{CEB17535-7155-402A-9196-74C3BDCA92E6}.Release|x64.ActiveCfg = Release|x64
		{CEB17535-7155-402A-9196-74C3BDCA92E6}.Release|x64.Build.0 = Release|x64
		{CEB17535-7155-402A-9196-74C3BDCA92E6}.Release|x86.ActiveCfg = Release|Win32
		{CEB17535-7155-402A-9196-74C3BDCA92E6}.Release|x86.Build.0 = Release|Win32
	EndGlobalSection
	GlobalSection(SolutionProperties) = preSolution
		HideSolutionNode = FALSE
	EndGlobalSection
	GlobalSection(ExtensibilityGlobals) = postSolution
		SolutionGuid = {36DF603D-CB59-4DB4-8EDD-11A5A6576EF4}
	EndGlobalSection
EndGlobal
